
Microsoft Visual Studio Solution File, Format Version 12.00
# Visual Studio Express 2012 for Windows Desktop
Project("{F184B08F-C81C-45F6-A57F-5ABD9991F28F}") = "EnableDisableRemoveDevice", "EnableDisableRemoveDevice\EnableDisableRemoveDevice.vbproj", "{C70CD203-E633-4A0F-8F33-2451B601B54B}"
EndProject
Global
	GlobalSection(SolutionConfigurationPlatforms) = preSolution
		Debug|Any CPU = Debug|Any CPU
		Release|Any CPU = Release|Any CPU
	EndGlobalSection
	GlobalSection(ProjectConfigurationPlatforms) = postSolution
		{C70CD203-E633-4A0F-8F33-2451B601B54B}.Debug|Any CPU.ActiveCfg = Debug|Any CPU
		{C70CD203-E633-4A0F-8F33-2451B601B54B}.Debug|Any CPU.Build.0 = Debug|Any CPU
		{C70CD203-E633-4A0F-8F33-2451B601B54B}.Release|Any CPU.ActiveCfg = Release|Any CPU
		{C70CD203-E633-4A0F-8F33-2451B601B54B}.Release|Any CPU.Build.0 = Release|Any CPU
	EndGlobalSection
	GlobalSection(SolutionProperties) = preSolution
		HideSolutionNode = FALSE
	EndGlobalSection
EndGlobal
